// !$*UTF8*$!
{
	archiveVersion = 1;
	classes = {
	};
	objectVersion = 77;
	objects = {

/* Begin PBXBuildFile section */
		734083BB2FB02C16008C547B /* StackShared.framework in Frameworks */ = {isa = PBXBuildFile; fileRef = 734083B32FB02C16008C547B /* StackShared.framework */; };
		734083BC2FB02C16008C547B /* StackShared.framework in Embed Frameworks */ = {isa = PBXBuildFile; fileRef = 734083B32FB02C16008C547B /* StackShared.framework */; settings = {ATTRIBUTES = (CodeSignOnCopy, RemoveHeadersOnCopy, ); }; };
		734083C62FB02EFA008C547B /* Messages.framework in Frameworks */ = {isa = PBXBuildFile; fileRef = 738B19A62FAC09F10057641D /* Messages.framework */; };
		734083C92FB02F03008C547B /* StackShared.framework in Frameworks */ = {isa = PBXBuildFile; fileRef = 734083B32FB02C16008C547B /* StackShared.framework */; };
		734083CA2FB02F03008C547B /* StackShared.framework in Embed Frameworks */ = {isa = PBXBuildFile; fileRef = 734083B32FB02C16008C547B /* StackShared.framework */; settings = {ATTRIBUTES = (RemoveHeadersOnCopy, ); }; };
		738B19B32FAC09F50057641D /* Workout Stack.appex in Embed Foundation Extensions */ = {isa = PBXBuildFile; fileRef = 738B19A42FAC09F10057641D /* Workout Stack.appex */; settings = {ATTRIBUTES = (RemoveHeadersOnCopy, ); }; };
/* End PBXBuildFile section */

/* Begin PBXContainerItemProxy section */
		734083B92FB02C16008C547B /* PBXContainerItemProxy */ = {
			isa = PBXContainerItemProxy;
			containerPortal = 738B198A2FAC094C0057641D /* Project object */;
			proxyType = 1;
			remoteGlobalIDString = 734083B22FB02C16008C547B;
			remoteInfo = StackShared;
		};
		734083CB2FB02F03008C547B /* PBXContainerItemProxy */ = {
			isa = PBXContainerItemProxy;
			containerPortal = 738B198A2FAC094C0057641D /* Project object */;
			proxyType = 1;
			remoteGlobalIDString = 734083B22FB02C16008C547B;
			remoteInfo = StackShared;
		};
		738B19B12FAC09F50057641D /* PBXContainerItemProxy */ = {
			isa = PBXContainerItemProxy;
			containerPortal = 738B198A2FAC094C0057641D /* Project object */;
			proxyType = 1;
			remoteGlobalIDString = 738B19A32FAC09F10057641D;
			remoteInfo = "Workout Stack";
		};
/* End PBXContainerItemProxy section */

/* Begin PBXCopyFilesBuildPhase section */
		734083BD2FB02C16008C547B /* Embed Frameworks */ = {
			isa = PBXCopyFilesBuildPhase;
			buildActionMask = 2147483647;
			dstPath = "";
			dstSubfolderSpec = 10;
			files = (
				734083BC2FB02C16008C547B /* StackShared.framework in Embed Frameworks */,
			);
			name = "Embed Frameworks";
			runOnlyForDeploymentPostprocessing = 0;
		};
		734083CD2FB02F03008C547B /* Embed Frameworks */ = {
			isa = PBXCopyFilesBuildPhase;
			buildActionMask = 2147483647;
			dstPath = "";
			dstSubfolderSpec = 10;
			files = (
				734083CA2FB02F03008C547B /* StackShared.framework in Embed Frameworks */,
			);
			name = "Embed Frameworks";
			runOnlyForDeploymentPostprocessing = 0;
		};
		738B19B82FAC09F50057641D /* Embed Foundation Extensions */ = {
			isa = PBXCopyFilesBuildPhase;
			buildActionMask = 2147483647;
			dstPath = "";
			dstSubfolderSpec = 13;
			files = (
				738B19B32FAC09F50057641D /* Workout Stack.appex in Embed Foundation Extensions */,
			);
			name = "Embed Foundation Extensions";
			runOnlyForDeploymentPostprocessing = 0;
		};
/* End PBXCopyFilesBuildPhase section */

/* Begin PBXFileReference section */
		734083B32FB02C16008C547B /* StackShared.framework */ = {isa = PBXFileReference; explicitFileType = wrapper.framework; includeInIndex = 0; path = StackShared.framework; sourceTree = BUILT_PRODUCTS_DIR; };
		738B19922FAC094C0057641D /* Stack.app */ = {isa = PBXFileReference; explicitFileType = wrapper.application; includeInIndex = 0; path = Stack.app; sourceTree = BUILT_PRODUCTS_DIR; };
		738B19A42FAC09F10057641D /* Workout Stack.appex */ = {isa = PBXFileReference; explicitFileType = "wrapper.app-extension"; includeInIndex = 0; path = "Workout Stack.appex"; sourceTree = BUILT_PRODUCTS_DIR; };
		738B19A62FAC09F10057641D /* Messages.framework */ = {isa = PBXFileReference; lastKnownFileType = wrapper.framework; name = Messages.framework; path = System/Library/Frameworks/Messages.framework; sourceTree = SDKROOT; };
/* End PBXFileReference section */

/* Begin PBXFileSystemSynchronizedBuildFileExceptionSet section */
		734083D62FB030C0008C547B /* Exceptions for "StackShared" folder in "Stack" target */ = {
			isa = PBXFileSystemSynchronizedBuildFileExceptionSet;
			membershipExceptions = (
				"Anton-Regular.ttf",
				"JetBrainsMono-Regular.ttf",
				"JetBrainsMono-SemiBold.ttf",
				SharedAssets.xcassets,
			);
			target = 738B19912FAC094C0057641D /* Stack */;
		};
		734083D72FB030C0008C547B /* Exceptions for "StackShared" folder in "Workout Stack" target */ = {
			isa = PBXFileSystemSynchronizedBuildFileExceptionSet;
			membershipExceptions = (
				"Anton-Regular.ttf",
				"JetBrainsMono-Regular.ttf",
				"JetBrainsMono-SemiBold.ttf",
				SharedAssets.xcassets,
			);
			target = 738B19A32FAC09F10057641D /* Workout Stack */;
		};
		734083E02FB0313B008C547B /* Exceptions for "Stack" folder in "Stack" target */ = {
			isa = PBXFileSystemSynchronizedBuildFileExceptionSet;
			membershipExceptions = (
				Info.plist,
			);
			target = 738B19912FAC094C0057641D /* Stack */;
		};
		738B19B42FAC09F50057641D /* Exceptions for "Workout Stack" folder in "Workout Stack" target */ = {
			isa = PBXFileSystemSynchronizedBuildFileExceptionSet;
			membershipExceptions = (
				Info.plist,
			);
			target = 738B19A32FAC09F10057641D /* Workout Stack */;
		};
/* End PBXFileSystemSynchronizedBuildFileExceptionSet section */

/* Begin PBXFileSystemSynchronizedRootGroup section */
		734083B42FB02C16008C547B /* StackShared */ = {
			isa = PBXFileSystemSynchronizedRootGroup;
			exceptions = (
				734083D62FB030C0008C547B /* Exceptions for "StackShared" folder in "Stack" target */,
				734083D72FB030C0008C547B /* Exceptions for "StackShared" folder in "Workout Stack" target */,
			);
			path = StackShared;
			sourceTree = "<group>";
		};
		738B19942FAC094C0057641D /* Stack */ = {
			isa = PBXFileSystemSynchronizedRootGroup;
			exceptions = (
				734083E02FB0313B008C547B /* Exceptions for "Stack" folder in "Stack" target */,
			);
			path = Stack;
			sourceTree = "<group>";
		};
		738B19A82FAC09F20057641D /* Workout Stack */ = {
			isa = PBXFileSystemSynchronizedRootGroup;
			exceptions = (
				738B19B42FAC09F50057641D /* Exceptions for "Workout Stack" folder in "Workout Stack" target */,
			);
			path = "Workout Stack";
			sourceTree = "<group>";
		};
/* End PBXFileSystemSynchronizedRootGroup section */

/* Begin PBXFrameworksBuildPhase section */
		734083B02FB02C16008C547B /* Frameworks */ = {
			isa = PBXFrameworksBuildPhase;
			buildActionMask = 2147483647;
			files = (
			);
			runOnlyForDeploymentPostprocessing = 0;
		};
		738B198F2FAC094C0057641D /* Frameworks */ = {
			isa = PBXFrameworksBuildPhase;
			buildActionMask = 2147483647;
			files = (
				734083BB2FB02C16008C547B /* StackShared.framework in Frameworks */,
			);
			runOnlyForDeploymentPostprocessing = 0;
		};
		738B19A12FAC09F10057641D /* Frameworks */ = {
			isa = PBXFrameworksBuildPhase;
			buildActionMask = 2147483647;
			files = (
				734083C92FB02F03008C547B /* StackShared.framework in Frameworks */,
				734083C62FB02EFA008C547B /* Messages.framework in Frameworks */,
			);
			runOnlyForDeploymentPostprocessing = 0;
		};
/* End PBXFrameworksBuildPhase section */

/* Begin PBXGroup section */
		738B19892FAC094C0057641D = {
			isa = PBXGroup;
			children = (
				738B19942FAC094C0057641D /* Stack */,
				738B19A82FAC09F20057641D /* Workout Stack */,
				734083B42FB02C16008C547B /* StackShared */,
				738B19A52FAC09F10057641D /* Frameworks */,
				738B19932FAC094C0057641D /* Products */,
			);
			sourceTree = "<group>";
		};
		738B19932FAC094C0057641D /* Products */ = {
			isa = PBXGroup;
			children = (
				738B19922FAC094C0057641D /* Stack.app */,
				738B19A42FAC09F10057641D /* Workout Stack.appex */,
				734083B32FB02C16008C547B /* StackShared.framework */,
			);
			name = Products;
			sourceTree = "<group>";
		};
		738B19A52FAC09F10057641D /* Frameworks */ = {
			isa = PBXGroup;
			children = (
				738B19A62FAC09F10057641D /* Messages.framework */,
			);
			name = Frameworks;
			sourceTree = "<group>";
		};
/* End PBXGroup section */

/* Begin PBXHeadersBuildPhase section */
		734083AE2FB02C16008C547B /* Headers */ = {
			isa = PBXHeadersBuildPhase;
			buildActionMask = 2147483647;
			files = (
			);
			runOnlyForDeploymentPostprocessing = 0;
		};
/* End PBXHeadersBuildPhase section */

/* Begin PBXNativeTarget section */
		734083B22FB02C16008C547B /* StackShared */ = {
			isa = PBXNativeTarget;
			buildConfigurationList = 734083C02FB02C16008C547B /* Build configuration list for PBXNativeTarget "StackShared" */;
			buildPhases = (
				734083AE2FB02C16008C547B /* Headers */,
				734083AF2FB02C16008C547B /* Sources */,
				734083B02FB02C16008C547B /* Frameworks */,
				734083B12FB02C16008C547B /* Resources */,
			);
			buildRules = (
			);
			dependencies = (
			);
			fileSystemSynchronizedGroups = (
				734083B42FB02C16008C547B /* StackShared */,
			);
			name = StackShared;
			packageProductDependencies = (
			);
			productName = StackShared;
			productReference = 734083B32FB02C16008C547B /* StackShared.framework */;
			productType = "com.apple.product-type.framework";
		};
		738B19912FAC094C0057641D /* Stack */ = {
			isa = PBXNativeTarget;
			buildConfigurationList = 738B199D2FAC094F0057641D /* Build configuration list for PBXNativeTarget "Stack" */;
			buildPhases = (
				738B198E2FAC094C0057641D /* Sources */,
				738B198F2FAC094C0057641D /* Frameworks */,
				738B19902FAC094C0057641D /* Resources */,
				738B19B82FAC09F50057641D /* Embed Foundation Extensions */,
				734083BD2FB02C16008C547B /* Embed Frameworks */,
			);
			buildRules = (
			);
			dependencies = (
				738B19B22FAC09F50057641D /* PBXTargetDependency */,
				734083BA2FB02C16008C547B /* PBXTargetDependency */,
			);
			fileSystemSynchronizedGroups = (
				738B19942FAC094C0057641D /* Stack */,
			);
			name = Stack;
			packageProductDependencies = (
			);
			productName = Stack;
			productReference = 738B19922FAC094C0057641D /* Stack.app */;
			productType = "com.apple.product-type.application";
		};
		738B19A32FAC09F10057641D /* Workout Stack */ = {
			isa = PBXNativeTarget;
			buildConfigurationList = 738B19B52FAC09F50057641D /* Build configuration list for PBXNativeTarget "Workout Stack" */;
			buildPhases = (
				738B19A02FAC09F10057641D /* Sources */,
				738B19A12FAC09F10057641D /* Frameworks */,
				738B19A22FAC09F10057641D /* Resources */,
				734083CD2FB02F03008C547B /* Embed Frameworks */,
			);
			buildRules = (
			);
			dependencies = (
				734083CC2FB02F03008C547B /* PBXTargetDependency */,
			);
			fileSystemSynchronizedGroups = (
				738B19A82FAC09F20057641D /* Workout Stack */,
			);
			name = "Workout Stack";
			packageProductDependencies = (
			);
			productName = "Workout Stack";
			productReference = 738B19A42FAC09F10057641D /* Workout Stack.appex */;
			productType = "com.apple.product-type.app-extension.messages";
		};
/* End PBXNativeTarget section */

/* Begin PBXProject section */
		738B198A2FAC094C0057641D /* Project object */ = {
			isa = PBXProject;
			attributes = {
				BuildIndependentTargetsInParallel = 1;
				LastSwiftUpdateCheck = 2600;
				LastUpgradeCheck = 2600;
				TargetAttributes = {
					734083B22FB02C16008C547B = {
						CreatedOnToolsVersion = 26.0;
					};
					738B19912FAC094C0057641D = {
						CreatedOnToolsVersion = 26.0;
					};
					738B19A32FAC09F10057641D = {
						CreatedOnToolsVersion = 26.0;
					};
				};
			};
			buildConfigurationList = 738B198D2FAC094C0057641D /* Build configuration list for PBXProject "Stack" */;
			developmentRegion = en;
			hasScannedForEncodings = 0;
			knownRegions = (
				en,
				Base,
			);
			mainGroup = 738B19892FAC094C0057641D;
			minimizedProjectReferenceProxies = 1;
			preferredProjectObjectVersion = 77;
			productRefGroup = 738B19932FAC094C0057641D /* Products */;
			projectDirPath = "";
			projectRoot = "";
			targets = (
				738B19912FAC094C0057641D /* Stack */,
				738B19A32FAC09F10057641D /* Workout Stack */,
				734083B22FB02C16008C547B /* StackShared */,
			);
		};
/* End PBXProject section */

/* Begin PBXResourcesBuildPhase section */
		734083B12FB02C16008C547B /* Resources */ = {
			isa = PBXResourcesBuildPhase;
			buildActionMask = 2147483647;
			files = (
			);
			runOnlyForDeploymentPostprocessing = 0;
		};
		738B19902FAC094C0057641D /* Resources */ = {
			isa = PBXResourcesBuildPhase;
			buildActionMask = 2147483647;
			files = (
			);
			runOnlyForDeploymentPostprocessing = 0;
		};
		738B19A22FAC09F10057641D /* Resources */ = {
			isa = PBXResourcesBuildPhase;
			buildActionMask = 2147483647;
			files = (
			);
			runOnlyForDeploymentPostprocessing = 0;
		};
/* End PBXResourcesBuildPhase section */

/* Begin PBXSourcesBuildPhase section */
		734083AF2FB02C16008C547B /* Sources */ = {
			isa = PBXSourcesBuildPhase;
			buildActionMask = 2147483647;
			files = (
			);
			runOnlyForDeploymentPostprocessing = 0;
		};
		738B198E2FAC094C0057641D /* Sources */ = {
			isa = PBXSourcesBuildPhase;
			buildActionMask = 2147483647;
			files = (
			);
			runOnlyForDeploymentPostprocessing = 0;
		};
		738B19A02FAC09F10057641D /* Sources */ = {
			isa = PBXSourcesBuildPhase;
			buildActionMask = 2147483647;
			files = (
			);
			runOnlyForDeploymentPostprocessing = 0;
		};
/* End PBXSourcesBuildPhase section */

/* Begin PBXTargetDependency section */
		734083BA2FB02C16008C547B /* PBXTargetDependency */ = {
			isa = PBXTargetDependency;
			target = 734083B22FB02C16008C547B /* StackShared */;
			targetProxy = 734083B92FB02C16008C547B /* PBXContainerItemProxy */;
		};
		734083CC2FB02F03008C547B /* PBXTargetDependency */ = {
			isa = PBXTargetDependency;
			target = 734083B22FB02C16008C547B /* StackShared */;
			targetProxy = 734083CB2FB02F03008C547B /* PBXContainerItemProxy */;
		};
		738B19B22FAC09F50057641D /* PBXTargetDependency */ = {
			isa = PBXTargetDependency;
			target = 738B19A32FAC09F10057641D /* Workout Stack */;
			targetProxy = 738B19B12FAC09F50057641D /* PBXContainerItemProxy */;
		};
/* End PBXTargetDependency section */

/* Begin XCBuildConfiguration section */
		734083BE2FB02C16008C547B /* Debug */ = {
			isa = XCBuildConfiguration;
			buildSettings = {
				ALLOW_TARGET_PLATFORM_SPECIALIZATION = YES;
				BUILD_LIBRARY_FOR_DISTRIBUTION = YES;
				CODE_SIGN_STYLE = Automatic;
				CURRENT_PROJECT_VERSION = 1;
				DEVELOPMENT_TEAM = 66J28WFSS6;
				DYLIB_COMPATIBILITY_VERSION = 1;
				DYLIB_CURRENT_VERSION = 1;
				DYLIB_INSTALL_NAME_BASE = "@rpath";
				ENABLE_MODULE_VERIFIER = YES;
				GENERATE_INFOPLIST_FILE = YES;
				INFOPLIST_KEY_NSHumanReadableCopyright = "";
				INSTALL_PATH = "$(LOCAL_LIBRARY_DIR)/Frameworks";
				IPHONEOS_DEPLOYMENT_TARGET = 26.0;
				LD_RUNPATH_SEARCH_PATHS = (
					"@executable_path/Frameworks",
					"@loader_path/Frameworks",
				);
				"LD_RUNPATH_SEARCH_PATHS[sdk=macosx*]" = (
					"@executable_path/../Frameworks",
					"@loader_path/Frameworks",
				);
				MACOSX_DEPLOYMENT_TARGET = 26.0;
				MARKETING_VERSION = 1.0;
				MODULE_VERIFIER_SUPPORTED_LANGUAGES = "objective-c objective-c++";
				MODULE_VERIFIER_SUPPORTED_LANGUAGE_STANDARDS = "gnu17 gnu++20";
				PRODUCT_BUNDLE_IDENTIFIER = com.jmelitski.StackShared;
				PRODUCT_NAME = "$(TARGET_NAME:c99extidentifier)";
				SDKROOT = auto;
				SKIP_INSTALL = YES;
				STRING_CATALOG_GENERATE_SYMBOLS = YES;
				SUPPORTED_PLATFORMS = "iphoneos iphonesimulator macosx xros xrsimulator";
				SWIFT_APPROACHABLE_CONCURRENCY = YES;
				SWIFT_EMIT_LOC_STRINGS = YES;
				SWIFT_INSTALL_MODULE = YES;
				SWIFT_INSTALL_OBJC_HEADER = NO;
				SWIFT_UPCOMING_FEATURE_MEMBER_IMPORT_VISIBILITY = YES;
				SWIFT_VERSION = 5.0;
				TARGETED_DEVICE_FAMILY = "1,2,7";
				VERSIONING_SYSTEM = "apple-generic";
				VERSION_INFO_PREFIX = "";
				XROS_DEPLOYMENT_TARGET = 26.0;
			};
			name = Debug;
		};
		734083BF2FB02C16008C547B /* Release */ = {
			isa = XCBuildConfiguration;
			buildSettings = {
				ALLOW_TARGET_PLATFORM_SPECIALIZATION = YES;
				BUILD_LIBRARY_FOR_DISTRIBUTION = YES;
				CODE_SIGN_STYLE = Automatic;
				CURRENT_PROJECT_VERSION = 1;
				DEVELOPMENT_TEAM = 66J28WFSS6;
				DYLIB_COMPATIBILITY_VERSION = 1;
				DYLIB_CURRENT_VERSION = 1;
				DYLIB_INSTALL_NAME_BASE = "@rpath";
				ENABLE_MODULE_VERIFIER = YES;
				GENERATE_INFOPLIST_FILE = YES;
				INFOPLIST_KEY_NSHumanReadableCopyright = "";
				INSTALL_PATH = "$(LOCAL_LIBRARY_DIR)/Frameworks";
				IPHONEOS_DEPLOYMENT_TARGET = 26.0;
				LD_RUNPATH_SEARCH_PATHS = (
					"@executable_path/Frameworks",
					"@loader_path/Frameworks",
				);
				"LD_RUNPATH_SEARCH_PATHS[sdk=macosx*]" = (
					"@executable_path/../Frameworks",
					"@loader_path/Frameworks",
				);
				MACOSX_DEPLOYMENT_TARGET = 26.0;
				MARKETING_VERSION = 1.0;
				MODULE_VERIFIER_SUPPORTED_LANGUAGES = "objective-c objective-c++";
				MODULE_VERIFIER_SUPPORTED_LANGUAGE_STANDARDS = "gnu17 gnu++20";
				PRODUCT_BUNDLE_IDENTIFIER = com.jmelitski.StackShared;
				PRODUCT_NAME = "$(TARGET_NAME:c99extidentifier)";
				SDKROOT = auto;
				SKIP_INSTALL = YES;
				STRING_CATALOG_GENERATE_SYMBOLS = YES;
				SUPPORTED_PLATFORMS = "iphoneos iphonesimulator macosx xros xrsimulator";
				SWIFT_APPROACHABLE_CONCURRENCY = YES;
				SWIFT_EMIT_LOC_STRINGS = YES;
				SWIFT_INSTALL_MODULE = YES;
				SWIFT_INSTALL_OBJC_HEADER = NO;
				SWIFT_UPCOMING_FEATURE_MEMBER_IMPORT_VISIBILITY = YES;
				SWIFT_VERSION = 5.0;
				TARGETED_DEVICE_FAMILY = "1,2,7";
				VERSIONING_SYSTEM = "apple-generic";
				VERSION_INFO_PREFIX = "";
				XROS_DEPLOYMENT_TARGET = 26.0;
			};
			name = Release;
		};
		738B199B2FAC094F0057641D /* Debug */ = {
			isa = XCBuildConfiguration;
			buildSettings = {
				ALWAYS_SEARCH_USER_PATHS = NO;
				ASSETCATALOG_COMPILER_GENERATE_SWIFT_ASSET_SYMBOL_EXTENSIONS = YES;
				CLANG_ANALYZER_NONNULL = YES;
				CLANG_ANALYZER_NUMBER_OBJECT_CONVERSION = YES_AGGRESSIVE;
				CLANG_CXX_LANGUAGE_STANDARD = "gnu++20";
				CLANG_ENABLE_MODULES = YES;
				CLANG_ENABLE_OBJC_ARC = YES;
				CLANG_ENABLE_OBJC_WEAK = YES;
				CLANG_WARN_BLOCK_CAPTURE_AUTORELEASING = YES;
				CLANG_WARN_BOOL_CONVERSION = YES;
				CLANG_WARN_COMMA = YES;
				CLANG_WARN_CONSTANT_CONVERSION = YES;
				CLANG_WARN_DEPRECATED_OBJC_IMPLEMENTATIONS = YES;
				CLANG_WARN_DIRECT_OBJC_ISA_USAGE = YES_ERROR;
				CLANG_WARN_DOCUMENTATION_COMMENTS = YES;
				CLANG_WARN_EMPTY_BODY = YES;
				CLANG_WARN_ENUM_CONVERSION = YES;
				CLANG_WARN_INFINITE_RECURSION = YES;
				CLANG_WARN_INT_CONVERSION = YES;
				CLANG_WARN_NON_LITERAL_NULL_CONVERSION = YES;
				CLANG_WARN_OBJC_IMPLICIT_RETAIN_SELF = YES;
				CLANG_WARN_OBJC_LITERAL_CONVERSION = YES;
				CLANG_WARN_OBJC_ROOT_CLASS = YES_ERROR;
				CLANG_WARN_QUOTED_INCLUDE_IN_FRAMEWORK_HEADER = YES;
				CLANG_WARN_RANGE_LOOP_ANALYSIS = YES;
				CLANG_WARN_STRICT_PROTOTYPES = YES;
				CLANG_WARN_SUSPICIOUS_MOVE = YES;
				CLANG_WARN_UNGUARDED_AVAILABILITY = YES_AGGRESSIVE;
				CLANG_WARN_UNREACHABLE_CODE = YES;
				CLANG_WARN__DUPLICATE_METHOD_MATCH = YES;
				COPY_PHASE_STRIP = NO;
				DEBUG_INFORMATION_FORMAT = dwarf;
				DEVELOPMENT_TEAM = 66J28WFSS6;
				ENABLE_STRICT_OBJC_MSGSEND = YES;
				ENABLE_TESTABILITY = YES;
				ENABLE_USER_SCRIPT_SANDBOXING = YES;
				GCC_C_LANGUAGE_STANDARD = gnu17;
				GCC_DYNAMIC_NO_PIC = NO;
				GCC_NO_COMMON_BLOCKS = YES;
				GCC_OPTIMIZATION_LEVEL = 0;
				GCC_PREPROCESSOR_DEFINITIONS = (
					"DEBUG=1",
					"$(inherited)",
				);
				GCC_WARN_64_TO_32_BIT_CONVERSION = YES;
				GCC_WARN_ABOUT_RETURN_TYPE = YES_ERROR;
				GCC_WARN_UNDECLARED_SELECTOR = YES;
				GCC_WARN_UNINITIALIZED_AUTOS = YES_AGGRESSIVE;
				GCC_WARN_UNUSED_FUNCTION = YES;
				GCC_WARN_UNUSED_VARIABLE = YES;
				IPHONEOS_DEPLOYMENT_TARGET = 26.0;
				LOCALIZATION_PREFERS_STRING_CATALOGS = YES;
				MTL_ENABLE_DEBUG_INFO = INCLUDE_SOURCE;
				MTL_FAST_MATH = YES;
				ONLY_ACTIVE_ARCH = YES;
				SDKROOT = iphoneos;
				SWIFT_ACTIVE_COMPILATION_CONDITIONS = "DEBUG $(inherited)";
				SWIFT_OPTIMIZATION_LEVEL = "-Onone";
			};
			name = Debug;
		};
		738B199C2FAC094F0057641D /* Release */ = {
			isa = XCBuildConfiguration;
			buildSettings = {
				ALWAYS_SEARCH_USER_PATHS = NO;
				ASSETCATALOG_COMPILER_GENERATE_SWIFT_ASSET_SYMBOL_EXTENSIONS = YES;
				CLANG_ANALYZER_NONNULL = YES;
				CLANG_ANALYZER_NUMBER_OBJECT_CONVERSION = YES_AGGRESSIVE;
				CLANG_CXX_LANGUAGE_STANDARD = "gnu++20";
				CLANG_ENABLE_MODULES = YES;
				CLANG_ENABLE_OBJC_ARC = YES;
				CLANG_ENABLE_OBJC_WEAK = YES;
				CLANG_WARN_BLOCK_CAPTURE_AUTORELEASING = YES;
				CLANG_WARN_BOOL_CONVERSION = YES;
				CLANG_WARN_COMMA = YES;
				CLANG_WARN_CONSTANT_CONVERSION = YES;
				CLANG_WARN_DEPRECATED_OBJC_IMPLEMENTATIONS = YES;
				CLANG_WARN_DIRECT_OBJC_ISA_USAGE = YES_ERROR;
				CLANG_WARN_DOCUMENTATION_COMMENTS = YES;
				CLANG_WARN_EMPTY_BODY = YES;
				CLANG_WARN_ENUM_CONVERSION = YES;
				CLANG_WARN_INFINITE_RECURSION = YES;
				CLANG_WARN_INT_CONVERSION = YES;
				CLANG_WARN_NON_LITERAL_NULL_CONVERSION = YES;
				CLANG_WARN_OBJC_IMPLICIT_RETAIN_SELF = YES;
				CLANG_WARN_OBJC_LITERAL_CONVERSION = YES;
				CLANG_WARN_OBJC_ROOT_CLASS = YES_ERROR;
				CLANG_WARN_QUOTED_INCLUDE_IN_FRAMEWORK_HEADER = YES;
				CLANG_WARN_RANGE_LOOP_ANALYSIS = YES;
				CLANG_WARN_STRICT_PROTOTYPES = YES;
				CLANG_WARN_SUSPICIOUS_MOVE = YES;
				CLANG_WARN_UNGUARDED_AVAILABILITY = YES_AGGRESSIVE;
				CLANG_WARN_UNREACHABLE_CODE = YES;
				CLANG_WARN__DUPLICATE_METHOD_MATCH = YES;
				COPY_PHASE_STRIP = NO;
				DEBUG_INFORMATION_FORMAT = "dwarf-with-dsym";
				DEVELOPMENT_TEAM = 66J28WFSS6;
				ENABLE_NS_ASSERTIONS = NO;
				ENABLE_STRICT_OBJC_MSGSEND = YES;
				ENABLE_USER_SCRIPT_SANDBOXING = YES;
				GCC_C_LANGUAGE_STANDARD = gnu17;
				GCC_NO_COMMON_BLOCKS = YES;
				GCC_WARN_64_TO_32_BIT_CONVERSION = YES;
				GCC_WARN_ABOUT_RETURN_TYPE = YES_ERROR;
				GCC_WARN_UNDECLARED_SELECTOR = YES;
				GCC_WARN_UNINITIALIZED_AUTOS = YES_AGGRESSIVE;
				GCC_WARN_UNUSED_FUNCTION = YES;
				GCC_WARN_UNUSED_VARIABLE = YES;
				IPHONEOS_DEPLOYMENT_TARGET = 26.0;
				LOCALIZATION_PREFERS_STRING_CATALOGS = YES;
				MTL_ENABLE_DEBUG_INFO = NO;
				MTL_FAST_MATH = YES;
				SDKROOT = iphoneos;
				SWIFT_COMPILATION_MODE = wholemodule;
				VALIDATE_PRODUCT = YES;
			};
			name = Release;
		};
		738B199E2FAC094F0057641D /* Debug */ = {
			isa = XCBuildConfiguration;
			buildSettings = {
				ASSETCATALOG_COMPILER_APPICON_NAME = AppIcon;
				ASSETCATALOG_COMPILER_GLOBAL_ACCENT_COLOR_NAME = AccentColor;
				CODE_SIGN_STYLE = Automatic;
				CURRENT_PROJECT_VERSION = 1;
				DEVELOPMENT_TEAM = 66J28WFSS6;
				ENABLE_PREVIEWS = YES;
				GENERATE_INFOPLIST_FILE = YES;
				INFOPLIST_FILE = Stack/Info.plist;
				INFOPLIST_KEY_UIApplicationSceneManifest_Generation = YES;
				INFOPLIST_KEY_UIApplicationSupportsIndirectInputEvents = YES;
				INFOPLIST_KEY_UILaunchScreen_Generation = YES;
				INFOPLIST_KEY_UISupportedInterfaceOrientations_iPad = "UIInterfaceOrientationPortrait UIInterfaceOrientationPortraitUpsideDown UIInterfaceOrientationLandscapeLeft UIInterfaceOrientationLandscapeRight";
				INFOPLIST_KEY_UISupportedInterfaceOrientations_iPhone = "UIInterfaceOrientationPortrait UIInterfaceOrientationLandscapeLeft UIInterfaceOrientationLandscapeRight";
				LD_RUNPATH_SEARCH_PATHS = (
					"$(inherited)",
					"@executable_path/Frameworks",
				);
				MARKETING_VERSION = 1.0;
				PRODUCT_BUNDLE_IDENTIFIER = com.jmelitski.Stack;
				PRODUCT_NAME = "$(TARGET_NAME)";
				STRING_CATALOG_GENERATE_SYMBOLS = YES;
				SWIFT_APPROACHABLE_CONCURRENCY = YES;
				SWIFT_DEFAULT_ACTOR_ISOLATION = MainActor;
				SWIFT_EMIT_LOC_STRINGS = YES;
				SWIFT_UPCOMING_FEATURE_MEMBER_IMPORT_VISIBILITY = YES;
				SWIFT_VERSION = 5.0;
				TARGETED_DEVICE_FAMILY = "1,2";
			};
			name = Debug;
		};
		738B199F2FAC094F0057641D /* Release */ = {
			isa = XCBuildConfiguration;
			buildSettings = {
				ASSETCATALOG_COMPILER_APPICON_NAME = AppIcon;
				ASSETCATALOG_COMPILER_GLOBAL_ACCENT_COLOR_NAME = AccentColor;
				CODE_SIGN_STYLE = Automatic;
				CURRENT_PROJECT_VERSION = 1;
				DEVELOPMENT_TEAM = 66J28WFSS6;
				ENABLE_PREVIEWS = YES;
				GENERATE_INFOPLIST_FILE = YES;
				INFOPLIST_FILE = Stack/Info.plist;
				INFOPLIST_KEY_UIApplicationSceneManifest_Generation = YES;
				INFOPLIST_KEY_UIApplicationSupportsIndirectInputEvents = YES;
				INFOPLIST_KEY_UILaunchScreen_Generation = YES;
				INFOPLIST_KEY_UISupportedInterfaceOrientations_iPad = "UIInterfaceOrientationPortrait UIInterfaceOrientationPortraitUpsideDown UIInterfaceOrientationLandscapeLeft UIInterfaceOrientationLandscapeRight";
				INFOPLIST_KEY_UISupportedInterfaceOrientations_iPhone = "UIInterfaceOrientationPortrait UIInterfaceOrientationLandscapeLeft UIInterfaceOrientationLandscapeRight";
				LD_RUNPATH_SEARCH_PATHS = (
					"$(inherited)",
					"@executable_path/Frameworks",
				);
				MARKETING_VERSION = 1.0;
				PRODUCT_BUNDLE_IDENTIFIER = com.jmelitski.Stack;
				PRODUCT_NAME = "$(TARGET_NAME)";
				STRING_CATALOG_GENERATE_SYMBOLS = YES;
				SWIFT_APPROACHABLE_CONCURRENCY = YES;
				SWIFT_DEFAULT_ACTOR_ISOLATION = MainActor;
				SWIFT_EMIT_LOC_STRINGS = YES;
				SWIFT_UPCOMING_FEATURE_MEMBER_IMPORT_VISIBILITY = YES;
				SWIFT_VERSION = 5.0;
				TARGETED_DEVICE_FAMILY = "1,2";
			};
			name = Release;
		};
		738B19B62FAC09F50057641D /* Debug */ = {
			isa = XCBuildConfiguration;
			buildSettings = {
				ASSETCATALOG_COMPILER_APPICON_NAME = "iMessage App Icon";
				CODE_SIGN_STYLE = Automatic;
				CURRENT_PROJECT_VERSION = 1;
				DEVELOPMENT_TEAM = 66J28WFSS6;
				GENERATE_INFOPLIST_FILE = YES;
				INFOPLIST_FILE = "Workout Stack/Info.plist";
				INFOPLIST_KEY_CFBundleDisplayName = Stack;
				INFOPLIST_KEY_NSHumanReadableCopyright = "";
				LD_RUNPATH_SEARCH_PATHS = (
					"$(inherited)",
					"@executable_path/Frameworks",
					"@executable_path/../../Frameworks",
				);
				MARKETING_VERSION = 1.0;
				PRODUCT_BUNDLE_IDENTIFIER = "com.jmelitski.Stack.Workout-Stack";
				PRODUCT_NAME = "$(TARGET_NAME)";
				SKIP_INSTALL = YES;
				STRING_CATALOG_GENERATE_SYMBOLS = YES;
				SWIFT_APPROACHABLE_CONCURRENCY = YES;
				SWIFT_EMIT_LOC_STRINGS = YES;
				SWIFT_UPCOMING_FEATURE_MEMBER_IMPORT_VISIBILITY = YES;
				SWIFT_VERSION = 5.0;
				TARGETED_DEVICE_FAMILY = "1,2";
			};
			name = Debug;
		};
		738B19B72FAC09F50057641D /* Release */ = {
			isa = XCBuildConfiguration;
			buildSettings = {
				ASSETCATALOG_COMPILER_APPICON_NAME = "iMessage App Icon";
				CODE_SIGN_STYLE = Automatic;
				CURRENT_PROJECT_VERSION = 1;
				DEVELOPMENT_TEAM = 66J28WFSS6;
				GENERATE_INFOPLIST_FILE = YES;
				INFOPLIST_FILE = "Workout Stack/Info.plist";
				INFOPLIST_KEY_CFBundleDisplayName = Stack;
				INFOPLIST_KEY_NSHumanReadableCopyright = "";
				LD_RUNPATH_SEARCH_PATHS = (
					"$(inherited)",
					"@executable_path/Frameworks",
					"@executable_path/../../Frameworks",
				);
				MARKETING_VERSION = 1.0;
				PRODUCT_BUNDLE_IDENTIFIER = "com.jmelitski.Stack.Workout-Stack";
				PRODUCT_NAME = "$(TARGET_NAME)";
				SKIP_INSTALL = YES;
				STRING_CATALOG_GENERATE_SYMBOLS = YES;
				SWIFT_APPROACHABLE_CONCURRENCY = YES;
				SWIFT_EMIT_LOC_STRINGS = YES;
				SWIFT_UPCOMING_FEATURE_MEMBER_IMPORT_VISIBILITY = YES;
				SWIFT_VERSION = 5.0;
				TARGETED_DEVICE_FAMILY = "1,2";
			};
			name = Release;
		};
/* End XCBuildConfiguration section */

/* Begin XCConfigurationList section */
		734083C02FB02C16008C547B /* Build configuration list for PBXNativeTarget "StackShared" */ = {
			isa = XCConfigurationList;
			buildConfigurations = (
				734083BE2FB02C16008C547B /* Debug */,
				734083BF2FB02C16008C547B /* Release */,
			);
			defaultConfigurationIsVisible = 0;
			defaultConfigurationName = Release;
		};
		738B198D2FAC094C0057641D /* Build configuration list for PBXProject "Stack" */ = {
			isa = XCConfigurationList;
			buildConfigurations = (
				738B199B2FAC094F0057641D /* Debug */,
				738B199C2FAC094F0057641D /* Release */,
			);
			defaultConfigurationIsVisible = 0;
			defaultConfigurationName = Release;
		};
		738B199D2FAC094F0057641D /* Build configuration list for PBXNativeTarget "Stack" */ = {
			isa = XCConfigurationList;
			buildConfigurations = (
				738B199E2FAC094F0057641D /* Debug */,
				738B199F2FAC094F0057641D /* Release */,
			);
			defaultConfigurationIsVisible = 0;
			defaultConfigurationName = Release;
		};
		738B19B52FAC09F50057641D /* Build configuration list for PBXNativeTarget "Workout Stack" */ = {
			isa = XCConfigurationList;
			buildConfigurations = (
				738B19B62FAC09F50057641D /* Debug */,
				738B19B72FAC09F50057641D /* Release */,
			);
			defaultConfigurationIsVisible = 0;
			defaultConfigurationName = Release;
		};
/* End XCConfigurationList section */
	};
	rootObject = 738B198A2FAC094C0057641D /* Project object */;
}
